{
    "name": "AdventOfCode",
    "lockfileVersion": 2,
    "requires": true,
    "packages": {
        "": {
            "devDependencies": {
                "@types/node": "18.7.0",
                "typescript": "4.5.2"
            }
        },
        "node_modules/@types/node": {
            "version": "18.7.0",
            "resolved": "https://registry.npmjs.org/@types/node/-/node-18.7.0.tgz",
            "integrity": "sha512-MbHwEQaMKgcSQE3vFHUvxiN0+k3VpwCbnYCUigQWoKZzdIk2u7ecoCk5Vzb4lwBbKhLd2rCOUUDT35TaONs7Jw==",
            "dev": true
        },
        "node_modules/typescript": {
            "version": "4.5.2",
            "resolved": "https://registry.npmjs.org/typescript/-/typescript-4.5.2.tgz",
            "integrity": "sha512-5BlMof9H1yGt0P8/WF+wPNw6GfctgGjXp5hkblpyT+8rkASSmkUKMXrxR0Xg8ThVCi/JnHQiKXeBaEwCeQwMFw==",
            "dev": true,
            "bin": {
                "tsc": "bin/tsc",
                "tsserver": "bin/tsserver"
            },
            "engines": {
                "node": ">=4.2.0"
            }
        }
    },
    "dependencies": {
        "@types/node": {
            "version": "18.7.0",
            "resolved": "https://registry.npmjs.org/@types/node/-/node-18.7.0.tgz",
            "integrity": "sha512-MbHwEQaMKgcSQE3vFHUvxiN0+k3VpwCbnYCUigQWoKZzdIk2u7ecoCk5Vzb4lwBbKhLd2rCOUUDT35TaONs7Jw==",
            "dev": true
        },
        "typescript": {
            "version": "4.5.2",
            "resolved": "https://registry.npmjs.org/typescript/-/typescript-4.5.2.tgz",
            "integrity": "sha512-5BlMof9H1yGt0P8/WF+wPNw6GfctgGjXp5hkblpyT+8rkASSmkUKMXrxR0Xg8ThVCi/JnHQiKXeBaEwCeQwMFw==",
            "dev": true
        }
    }
}
